// !$*UTF8*$!
{
	archiveVersion = 1;
	classes = {
	};
	objectVersion = 50;
	objects = {

/* Begin PBXBuildFile section */
		7719F0FA2568F6560035E1DB /* UIDevice+Extension.swift in Sources */ = {isa = PBXBuildFile; fileRef = 7719F0F92568F6560035E1DB /* UIDevice+Extension.swift */; };
		7719F10025695CDC0035E1DB /* ViewModelProtocol.swift in Sources */ = {isa = PBXBuildFile; fileRef = 7719F0FF25695CDC0035E1DB /* ViewModelProtocol.swift */; };
		77257F022562A15900C9A987 /* BottomCollectionViewDelegate.swift in Sources */ = {isa = PBXBuildFile; fileRef = 77257F012562A15900C9A987 /* BottomCollectionViewDelegate.swift */; };
		77257F0F2563B9C600C9A987 /* BottomView.swift in Sources */ = {isa = PBXBuildFile; fileRef = 77257F0E2563B9C500C9A987 /* BottomView.swift */; };
		77257F132563C48000C9A987 /* TopView.swift in Sources */ = {isa = PBXBuildFile; fileRef = 77257F122563C48000C9A987 /* TopView.swift */; };
		77257F162563C64300C9A987 /* MRImages.swift in Sources */ = {isa = PBXBuildFile; fileRef = 77257F152563C64300C9A987 /* MRImages.swift */; };
		77257F192563CF9E00C9A987 /* PagerView.swift in Sources */ = {isa = PBXBuildFile; fileRef = 77257F182563CF9E00C9A987 /* PagerView.swift */; };
		77257F1C2563D27700C9A987 /* PagerCollectionViewCell.swift in Sources */ = {isa = PBXBuildFile; fileRef = 77257F1B2563D27700C9A987 /* PagerCollectionViewCell.swift */; };
		77257F1F2563D42300C9A987 /* PagerModel.swift in Sources */ = {isa = PBXBuildFile; fileRef = 77257F1E2563D42300C9A987 /* PagerModel.swift */; };
		77257F232563D60100C9A987 /* PagerViewModel.swift in Sources */ = {isa = PBXBuildFile; fileRef = 77257F222563D60100C9A987 /* PagerViewModel.swift */; };
		77257F272563D6D300C9A987 /* PagerCollectionViewDelegate.swift in Sources */ = {isa = PBXBuildFile; fileRef = 77257F262563D6D300C9A987 /* PagerCollectionViewDelegate.swift */; };
		77BF28DD255DBB7000B6C2F2 /* AppDelegate.swift in Sources */ = {isa = PBXBuildFile; fileRef = 77BF28DC255DBB7000B6C2F2 /* AppDelegate.swift */; };
		77BF28DF255DBB7000B6C2F2 /* SceneDelegate.swift in Sources */ = {isa = PBXBuildFile; fileRef = 77BF28DE255DBB7000B6C2F2 /* SceneDelegate.swift */; };
		77BF28E1255DBB7000B6C2F2 /* ViewController.swift in Sources */ = {isa = PBXBuildFile; fileRef = 77BF28E0255DBB7000B6C2F2 /* ViewController.swift */; };
		77BF28E4255DBB7000B6C2F2 /* Main.storyboard in Resources */ = {isa = PBXBuildFile; fileRef = 77BF28E2255DBB7000B6C2F2 /* Main.storyboard */; };
		77BF28E6255DBB7200B6C2F2 /* Assets.xcassets in Resources */ = {isa = PBXBuildFile; fileRef = 77BF28E5255DBB7200B6C2F2 /* Assets.xcassets */; };
		77BF28E9255DBB7200B6C2F2 /* LaunchScreen.storyboard in Resources */ = {isa = PBXBuildFile; fileRef = 77BF28E7255DBB7200B6C2F2 /* LaunchScreen.storyboard */; };
		77BF290F255FFA9100B6C2F2 /* MRUiMaker.swift in Sources */ = {isa = PBXBuildFile; fileRef = 77BF290E255FFA9100B6C2F2 /* MRUiMaker.swift */; };
		77BF2912255FFADD00B6C2F2 /* MRColors.swift in Sources */ = {isa = PBXBuildFile; fileRef = 77BF2911255FFADD00B6C2F2 /* MRColors.swift */; };
		77BF2915256001C400B6C2F2 /* UiUtility.swift in Sources */ = {isa = PBXBuildFile; fileRef = 77BF2914256001C400B6C2F2 /* UiUtility.swift */; };
		77BF29192560029E00B6C2F2 /* UIView+Extension.swift in Sources */ = {isa = PBXBuildFile; fileRef = 77BF29182560029E00B6C2F2 /* UIView+Extension.swift */; };
		77BF291D256111E600B6C2F2 /* UIColor+Extension.swift in Sources */ = {isa = PBXBuildFile; fileRef = 77BF291C256111E600B6C2F2 /* UIColor+Extension.swift */; };
		77BF2920256122A900B6C2F2 /* MRConstants.swift in Sources */ = {isa = PBXBuildFile; fileRef = 77BF291F256122A900B6C2F2 /* MRConstants.swift */; };
		77BF29292561277200B6C2F2 /* DynamicBinding.swift in Sources */ = {isa = PBXBuildFile; fileRef = 77BF29282561277200B6C2F2 /* DynamicBinding.swift */; };
		77BF292D256127DA00B6C2F2 /* BottomViewModel.swift in Sources */ = {isa = PBXBuildFile; fileRef = 77BF292C256127DA00B6C2F2 /* BottomViewModel.swift */; };
		77BF29312561282500B6C2F2 /* BottomBarCollectionViewModel.swift in Sources */ = {isa = PBXBuildFile; fileRef = 77BF29302561282500B6C2F2 /* BottomBarCollectionViewModel.swift */; };
		77BF2960256173A300B6C2F2 /* CollectionVIewDataSource.swift in Sources */ = {isa = PBXBuildFile; fileRef = 77BF295F256173A300B6C2F2 /* CollectionVIewDataSource.swift */; };
		77BF29672561767300B6C2F2 /* BottomCollectionViewCell.swift in Sources */ = {isa = PBXBuildFile; fileRef = 77BF29662561767300B6C2F2 /* BottomCollectionViewCell.swift */; };
		77EAE0A5256470970023B094 /* CategoryView.swift in Sources */ = {isa = PBXBuildFile; fileRef = 77EAE0A4256470970023B094 /* CategoryView.swift */; };
		77EAE0A92564714C0023B094 /* CategoryModel.swift in Sources */ = {isa = PBXBuildFile; fileRef = 77EAE0A82564714C0023B094 /* CategoryModel.swift */; };
		77EAE0AC256472FF0023B094 /* CategoryTableViewCell.swift in Sources */ = {isa = PBXBuildFile; fileRef = 77EAE0AB256472FF0023B094 /* CategoryTableViewCell.swift */; };
		77EAE0B1256476EB0023B094 /* CategoryViewModel.swift in Sources */ = {isa = PBXBuildFile; fileRef = 77EAE0B0256476EB0023B094 /* CategoryViewModel.swift */; };
		77EAE0B42564786B0023B094 /* TableViewDataSource.swift in Sources */ = {isa = PBXBuildFile; fileRef = 77EAE0B32564786B0023B094 /* TableViewDataSource.swift */; };
		77EFE410256520B40056C87C /* ThemesModel.swift in Sources */ = {isa = PBXBuildFile; fileRef = 77EFE40F256520B40056C87C /* ThemesModel.swift */; };
		77EFE413256521FA0056C87C /* ThemesViewModel.swift in Sources */ = {isa = PBXBuildFile; fileRef = 77EFE412256521FA0056C87C /* ThemesViewModel.swift */; };
		77EFE418256522AC0056C87C /* ThemeCollectionViewCell.swift in Sources */ = {isa = PBXBuildFile; fileRef = 77EFE417256522AC0056C87C /* ThemeCollectionViewCell.swift */; };
		77EFE41F256526D90056C87C /* ThemeView.swift in Sources */ = {isa = PBXBuildFile; fileRef = 77EFE41E256526D90056C87C /* ThemeView.swift */; };
		77EFE422256526F20056C87C /* ThemeCollectionViewDelegate.swift in Sources */ = {isa = PBXBuildFile; fileRef = 77EFE421256526F20056C87C /* ThemeCollectionViewDelegate.swift */; };
		77F0722F25663D9C004E93FC /* TrendingModel.swift in Sources */ = {isa = PBXBuildFile; fileRef = 77F0722E25663D9C004E93FC /* TrendingModel.swift */; };
		77F07232256655BC004E93FC /* TrendingViewModel.swift in Sources */ = {isa = PBXBuildFile; fileRef = 77F07231256655BC004E93FC /* TrendingViewModel.swift */; };
		77F072352566563D004E93FC /* TrendingTableViewCell.swift in Sources */ = {isa = PBXBuildFile; fileRef = 77F072342566563D004E93FC /* TrendingTableViewCell.swift */; };
		77F072392566741A004E93FC /* TrendingView.swift in Sources */ = {isa = PBXBuildFile; fileRef = 77F0723825667419004E93FC /* TrendingView.swift */; };
		77F072422566B539004E93FC /* TableViewSectionDataSource.swift in Sources */ = {isa = PBXBuildFile; fileRef = 77F072412566B539004E93FC /* TableViewSectionDataSource.swift */; };
		77F072462566D147004E93FC /* TrendingTableViewDelegate.swift in Sources */ = {isa = PBXBuildFile; fileRef = 77F072452566D147004E93FC /* TrendingTableViewDelegate.swift */; };
/* End PBXBuildFile section */

/* Begin PBXFileReference section */
		7719F0F92568F6560035E1DB /* UIDevice+Extension.swift */ = {isa = PBXFileReference; lastKnownFileType = sourcecode.swift; path = "UIDevice+Extension.swift"; sourceTree = "<group>"; };
		7719F0FF25695CDC0035E1DB /* ViewModelProtocol.swift */ = {isa = PBXFileReference; lastKnownFileType = sourcecode.swift; path = ViewModelProtocol.swift; sourceTree = "<group>"; };
		77257F012562A15900C9A987 /* BottomCollectionViewDelegate.swift */ = {isa = PBXFileReference; lastKnownFileType = sourcecode.swift; path = BottomCollectionViewDelegate.swift; sourceTree = "<group>"; };
		77257F0E2563B9C500C9A987 /* BottomView.swift */ = {isa = PBXFileReference; lastKnownFileType = sourcecode.swift; path = BottomView.swift; sourceTree = "<group>"; };
		77257F122563C48000C9A987 /* TopView.swift */ = {isa = PBXFileReference; lastKnownFileType = sourcecode.swift; path = TopView.swift; sourceTree = "<group>"; };
		77257F152563C64300C9A987 /* MRImages.swift */ = {isa = PBXFileReference; lastKnownFileType = sourcecode.swift; path = MRImages.swift; sourceTree = "<group>"; };
		77257F182563CF9E00C9A987 /* PagerView.swift */ = {isa = PBXFileReference; lastKnownFileType = sourcecode.swift; path = PagerView.swift; sourceTree = "<group>"; };
		77257F1B2563D27700C9A987 /* PagerCollectionViewCell.swift */ = {isa = PBXFileReference; lastKnownFileType = sourcecode.swift; path = PagerCollectionViewCell.swift; sourceTree = "<group>"; };
		77257F1E2563D42300C9A987 /* PagerModel.swift */ = {isa = PBXFileReference; lastKnownFileType = sourcecode.swift; path = PagerModel.swift; sourceTree = "<group>"; };
		77257F222563D60100C9A987 /* PagerViewModel.swift */ = {isa = PBXFileReference; lastKnownFileType = sourcecode.swift; path = PagerViewModel.swift; sourceTree = "<group>"; };
		77257F262563D6D300C9A987 /* PagerCollectionViewDelegate.swift */ = {isa = PBXFileReference; lastKnownFileType = sourcecode.swift; path = PagerCollectionViewDelegate.swift; sourceTree = "<group>"; };
		77BF28D9255DBB7000B6C2F2 /* Alinea.app */ = {isa = PBXFileReference; explicitFileType = wrapper.application; includeInIndex = 0; path = Alinea.app; sourceTree = BUILT_PRODUCTS_DIR; };
		77BF28DC255DBB7000B6C2F2 /* AppDelegate.swift */ = {isa = PBXFileReference; lastKnownFileType = sourcecode.swift; path = AppDelegate.swift; sourceTree = "<group>"; };
		77BF28DE255DBB7000B6C2F2 /* SceneDelegate.swift */ = {isa = PBXFileReference; lastKnownFileType = sourcecode.swift; path = SceneDelegate.swift; sourceTree = "<group>"; };
		77BF28E0255DBB7000B6C2F2 /* ViewController.swift */ = {isa = PBXFileReference; lastKnownFileType = sourcecode.swift; path = ViewController.swift; sourceTree = "<group>"; };
		77BF28E3255DBB7000B6C2F2 /* Base */ = {isa = PBXFileReference; lastKnownFileType = file.storyboard; name = Base; path = Base.lproj/Main.storyboard; sourceTree = "<group>"; };
		77BF28E5255DBB7200B6C2F2 /* Assets.xcassets */ = {isa = PBXFileReference; lastKnownFileType = folder.assetcatalog; path = Assets.xcassets; sourceTree = "<group>"; };
		77BF28E8255DBB7200B6C2F2 /* Base */ = {isa = PBXFileReference; lastKnownFileType = file.storyboard; name = Base; path = Base.lproj/LaunchScreen.storyboard; sourceTree = "<group>"; };
		77BF28EA255DBB7200B6C2F2 /* Info.plist */ = {isa = PBXFileReference; lastKnownFileType = text.plist.xml; path = Info.plist; sourceTree = "<group>"; };
		77BF290E255FFA9100B6C2F2 /* MRUiMaker.swift */ = {isa = PBXFileReference; lastKnownFileType = sourcecode.swift; path = MRUiMaker.swift; sourceTree = "<group>"; };
		77BF2911255FFADD00B6C2F2 /* MRColors.swift */ = {isa = PBXFileReference; lastKnownFileType = sourcecode.swift; path = MRColors.swift; sourceTree = "<group>"; };
		77BF2914256001C400B6C2F2 /* UiUtility.swift */ = {isa = PBXFileReference; lastKnownFileType = sourcecode.swift; path = UiUtility.swift; sourceTree = "<group>"; };
		77BF29182560029E00B6C2F2 /* UIView+Extension.swift */ = {isa = PBXFileReference; lastKnownFileType = sourcecode.swift; path = "UIView+Extension.swift"; sourceTree = "<group>"; };
		77BF291C256111E600B6C2F2 /* UIColor+Extension.swift */ = {isa = PBXFileReference; lastKnownFileType = sourcecode.swift; path = "UIColor+Extension.swift"; sourceTree = "<group>"; };
		77BF291F256122A900B6C2F2 /* MRConstants.swift */ = {isa = PBXFileReference; lastKnownFileType = sourcecode.swift; path = MRConstants.swift; sourceTree = "<group>"; };
		77BF29282561277200B6C2F2 /* DynamicBinding.swift */ = {isa = PBXFileReference; lastKnownFileType = sourcecode.swift; path = DynamicBinding.swift; sourceTree = "<group>"; };
		77BF292C256127DA00B6C2F2 /* BottomViewModel.swift */ = {isa = PBXFileReference; lastKnownFileType = sourcecode.swift; path = BottomViewModel.swift; sourceTree = "<group>"; };
		77BF29302561282500B6C2F2 /* BottomBarCollectionViewModel.swift */ = {isa = PBXFileReference; lastKnownFileType = sourcecode.swift; path = BottomBarCollectionViewModel.swift; sourceTree = "<group>"; };
		77BF295F256173A300B6C2F2 /* CollectionVIewDataSource.swift */ = {isa = PBXFileReference; lastKnownFileType = sourcecode.swift; path = CollectionVIewDataSource.swift; sourceTree = "<group>"; };
		77BF29662561767300B6C2F2 /* BottomCollectionViewCell.swift */ = {isa = PBXFileReference; lastKnownFileType = sourcecode.swift; path = BottomCollectionViewCell.swift; sourceTree = "<group>"; };
		77EAE0A4256470970023B094 /* CategoryView.swift */ = {isa = PBXFileReference; lastKnownFileType = sourcecode.swift; path = CategoryView.swift; sourceTree = "<group>"; };
		77EAE0A82564714C0023B094 /* CategoryModel.swift */ = {isa = PBXFileReference; lastKnownFileType = sourcecode.swift; path = CategoryModel.swift; sourceTree = "<group>"; };
		77EAE0AB256472FF0023B094 /* CategoryTableViewCell.swift */ = {isa = PBXFileReference; lastKnownFileType = sourcecode.swift; path = CategoryTableViewCell.swift; sourceTree = "<group>"; };
		77EAE0B0256476EB0023B094 /* CategoryViewModel.swift */ = {isa = PBXFileReference; lastKnownFileType = sourcecode.swift; path = CategoryViewModel.swift; sourceTree = "<group>"; };
		77EAE0B32564786B0023B094 /* TableViewDataSource.swift */ = {isa = PBXFileReference; lastKnownFileType = sourcecode.swift; path = TableViewDataSource.swift; sourceTree = "<group>"; };
		77EFE40F256520B40056C87C /* ThemesModel.swift */ = {isa = PBXFileReference; lastKnownFileType = sourcecode.swift; path = ThemesModel.swift; sourceTree = "<group>"; };
		77EFE412256521FA0056C87C /* ThemesViewModel.swift */ = {isa = PBXFileReference; lastKnownFileType = sourcecode.swift; path = ThemesViewModel.swift; sourceTree = "<group>"; };
		77EFE417256522AC0056C87C /* ThemeCollectionViewCell.swift */ = {isa = PBXFileReference; lastKnownFileType = sourcecode.swift; path = ThemeCollectionViewCell.swift; sourceTree = "<group>"; };
		77EFE41E256526D90056C87C /* ThemeView.swift */ = {isa = PBXFileReference; lastKnownFileType = sourcecode.swift; path = ThemeView.swift; sourceTree = "<group>"; };
		77EFE421256526F20056C87C /* ThemeCollectionViewDelegate.swift */ = {isa = PBXFileReference; lastKnownFileType = sourcecode.swift; path = ThemeCollectionViewDelegate.swift; sourceTree = "<group>"; };
		77F0722E25663D9C004E93FC /* TrendingModel.swift */ = {isa = PBXFileReference; lastKnownFileType = sourcecode.swift; path = TrendingModel.swift; sourceTree = "<group>"; };
		77F07231256655BC004E93FC /* TrendingViewModel.swift */ = {isa = PBXFileReference; lastKnownFileType = sourcecode.swift; path = TrendingViewModel.swift; sourceTree = "<group>"; };
		77F072342566563D004E93FC /* TrendingTableViewCell.swift */ = {isa = PBXFileReference; lastKnownFileType = sourcecode.swift; path = TrendingTableViewCell.swift; sourceTree = "<group>"; };
		77F0723825667419004E93FC /* TrendingView.swift */ = {isa = PBXFileReference; lastKnownFileType = sourcecode.swift; path = TrendingView.swift; sourceTree = "<group>"; };
		77F072412566B539004E93FC /* TableViewSectionDataSource.swift */ = {isa = PBXFileReference; lastKnownFileType = sourcecode.swift; path = TableViewSectionDataSource.swift; sourceTree = "<group>"; };
		77F072452566D147004E93FC /* TrendingTableViewDelegate.swift */ = {isa = PBXFileReference; lastKnownFileType = sourcecode.swift; path = TrendingTableViewDelegate.swift; sourceTree = "<group>"; };
/* End PBXFileReference section */

/* Begin PBXFrameworksBuildPhase section */
		77BF28D6255DBB7000B6C2F2 /* Frameworks */ = {
			isa = PBXFrameworksBuildPhase;
			buildActionMask = 2147483647;
			files = (
			);
			runOnlyForDeploymentPostprocessing = 0;
		};
/* End PBXFrameworksBuildPhase section */

/* Begin PBXGroup section */
		7719F0FE25695CCE0035E1DB /* Protocol */ = {
			isa = PBXGroup;
			children = (
				7719F0FF25695CDC0035E1DB /* ViewModelProtocol.swift */,
			);
			path = Protocol;
			sourceTree = "<group>";
		};
		77257F002562A12300C9A987 /* Delegate */ = {
			isa = PBXGroup;
			children = (
				77257F012562A15900C9A987 /* BottomCollectionViewDelegate.swift */,
				77257F262563D6D300C9A987 /* PagerCollectionViewDelegate.swift */,
				77EFE421256526F20056C87C /* ThemeCollectionViewDelegate.swift */,
				77F072452566D147004E93FC /* TrendingTableViewDelegate.swift */,
			);
			path = Delegate;
			sourceTree = "<group>";
		};
		77BF28D0255DBB7000B6C2F2 = {
			isa = PBXGroup;
			children = (
				77BF28DB255DBB7000B6C2F2 /* Alinea */,
				77BF28DA255DBB7000B6C2F2 /* Products */,
			);
			sourceTree = "<group>";
		};
		77BF28DA255DBB7000B6C2F2 /* Products */ = {
			isa = PBXGroup;
			children = (
				77BF28D9255DBB7000B6C2F2 /* Alinea.app */,
			);
			name = Products;
			sourceTree = "<group>";
		};
		77BF28DB255DBB7000B6C2F2 /* Alinea */ = {
			isa = PBXGroup;
			children = (
				77BF295E2561738200B6C2F2 /* Generic */,
				77BF2922256125D400B6C2F2 /* Resources */,
				77BF29242561262200B6C2F2 /* Controllers */,
				77BF28DC255DBB7000B6C2F2 /* AppDelegate.swift */,
				77BF28DE255DBB7000B6C2F2 /* SceneDelegate.swift */,
				77BF28E2255DBB7000B6C2F2 /* Main.storyboard */,
				77BF28E5255DBB7200B6C2F2 /* Assets.xcassets */,
				77BF28E7255DBB7200B6C2F2 /* LaunchScreen.storyboard */,
				77BF28EA255DBB7200B6C2F2 /* Info.plist */,
			);
			path = Alinea;
			sourceTree = "<group>";
		};
		77BF29172560028400B6C2F2 /* Extension */ = {
			isa = PBXGroup;
			children = (
				77BF29182560029E00B6C2F2 /* UIView+Extension.swift */,
				77BF291C256111E600B6C2F2 /* UIColor+Extension.swift */,
				7719F0F92568F6560035E1DB /* UIDevice+Extension.swift */,
			);
			path = Extension;
			sourceTree = "<group>";
		};
		77BF2922256125D400B6C2F2 /* Resources */ = {
			isa = PBXGroup;
			children = (
				77BF29172560028400B6C2F2 /* Extension */,
				77BF290E255FFA9100B6C2F2 /* MRUiMaker.swift */,
				77BF2911255FFADD00B6C2F2 /* MRColors.swift */,
				77BF2914256001C400B6C2F2 /* UiUtility.swift */,
				77BF291F256122A900B6C2F2 /* MRConstants.swift */,
				77257F152563C64300C9A987 /* MRImages.swift */,
			);
			path = Resources;
			sourceTree = "<group>";
		};
		77BF29232561261700B6C2F2 /* Home */ = {
			isa = PBXGroup;
			children = (
				77BF292F2561280C00B6C2F2 /* Model */,
				77BF29262561264F00B6C2F2 /* View */,
				77BF29272561265900B6C2F2 /* ViewModel */,
				77257F002562A12300C9A987 /* Delegate */,
			);
			path = Home;
			sourceTree = "<group>";
		};
		77BF29242561262200B6C2F2 /* Controllers */ = {
			isa = PBXGroup;
			children = (
				77BF29232561261700B6C2F2 /* Home */,
			);
			path = Controllers;
			sourceTree = "<group>";
		};
		77BF29262561264F00B6C2F2 /* View */ = {
			isa = PBXGroup;
			children = (
				77EAE0A32564707C0023B094 /* ComponentVIew */,
				77EAE0A2256470670023B094 /* CommonView */,
				77BF29652561764800B6C2F2 /* Cell */,
				77BF28E0255DBB7000B6C2F2 /* ViewController.swift */,
			);
			path = View;
			sourceTree = "<group>";
		};
		77BF29272561265900B6C2F2 /* ViewModel */ = {
			isa = PBXGroup;
			children = (
				7719F0FE25695CCE0035E1DB /* Protocol */,
				77BF292C256127DA00B6C2F2 /* BottomViewModel.swift */,
				77257F222563D60100C9A987 /* PagerViewModel.swift */,
				77EAE0B0256476EB0023B094 /* CategoryViewModel.swift */,
				77EFE412256521FA0056C87C /* ThemesViewModel.swift */,
				77F07231256655BC004E93FC /* TrendingViewModel.swift */,
			);
			path = ViewModel;
			sourceTree = "<group>";
		};
		77BF292F2561280C00B6C2F2 /* Model */ = {
			isa = PBXGroup;
			children = (
				77BF29302561282500B6C2F2 /* BottomBarCollectionViewModel.swift */,
				77257F1E2563D42300C9A987 /* PagerModel.swift */,
				77EAE0A82564714C0023B094 /* CategoryModel.swift */,
				77EFE40F256520B40056C87C /* ThemesModel.swift */,
				77F0722E25663D9C004E93FC /* TrendingModel.swift */,
			);
			path = Model;
			sourceTree = "<group>";
		};
		77BF295E2561738200B6C2F2 /* Generic */ = {
			isa = PBXGroup;
			children = (
				77BF29282561277200B6C2F2 /* DynamicBinding.swift */,
				77BF295F256173A300B6C2F2 /* CollectionVIewDataSource.swift */,
				77EAE0B32564786B0023B094 /* TableViewDataSource.swift */,
				77F072412566B539004E93FC /* TableViewSectionDataSource.swift */,
			);
			path = Generic;
			sourceTree = "<group>";
		};
		77BF29652561764800B6C2F2 /* Cell */ = {
			isa = PBXGroup;
			children = (
				77BF29662561767300B6C2F2 /* BottomCollectionViewCell.swift */,
				77257F1B2563D27700C9A987 /* PagerCollectionViewCell.swift */,
				77EAE0AB256472FF0023B094 /* CategoryTableViewCell.swift */,
				77EFE417256522AC0056C87C /* ThemeCollectionViewCell.swift */,
				77F072342566563D004E93FC /* TrendingTableViewCell.swift */,
			);
			path = Cell;
			sourceTree = "<group>";
		};
		77EAE0A2256470670023B094 /* CommonView */ = {
			isa = PBXGroup;
			children = (
				77257F0E2563B9C500C9A987 /* BottomView.swift */,
				77257F122563C48000C9A987 /* TopView.swift */,
				77257F182563CF9E00C9A987 /* PagerView.swift */,
			);
			path = CommonView;
			sourceTree = "<group>";
		};
		77EAE0A32564707C0023B094 /* ComponentVIew */ = {
			isa = PBXGroup;
			children = (
				77EAE0A4256470970023B094 /* CategoryView.swift */,
				77EFE41E256526D90056C87C /* ThemeView.swift */,
				77F0723825667419004E93FC /* TrendingView.swift */,
			);
			path = ComponentVIew;
			sourceTree = "<group>";
		};
/* End PBXGroup section */

/* Begin PBXNativeTarget section */
		77BF28D8255DBB7000B6C2F2 /* Alinea */ = {
			isa = PBXNativeTarget;
			buildConfigurationList = 77BF28ED255DBB7200B6C2F2 /* Build configuration list for PBXNativeTarget "Alinea" */;
			buildPhases = (
				77BF28D5255DBB7000B6C2F2 /* Sources */,
				77BF28D6255DBB7000B6C2F2 /* Frameworks */,
				77BF28D7255DBB7000B6C2F2 /* Resources */,
			);
			buildRules = (
			);
			dependencies = (
			);
			name = Alinea;
			productName = Alinea;
			productReference = 77BF28D9255DBB7000B6C2F2 /* Alinea.app */;
			productType = "com.apple.product-type.application";
		};
/* End PBXNativeTarget section */

/* Begin PBXProject section */
		77BF28D1255DBB7000B6C2F2 /* Project object */ = {
			isa = PBXProject;
			attributes = {
				LastSwiftUpdateCheck = 1210;
				LastUpgradeCheck = 1210;
				TargetAttributes = {
					77BF28D8255DBB7000B6C2F2 = {
						CreatedOnToolsVersion = 12.1;
					};
				};
			};
			buildConfigurationList = 77BF28D4255DBB7000B6C2F2 /* Build configuration list for PBXProject "Alinea" */;
			compatibilityVersion = "Xcode 9.3";
			developmentRegion = en;
			hasScannedForEncodings = 0;
			knownRegions = (
				en,
				Base,
			);
			mainGroup = 77BF28D0255DBB7000B6C2F2;
			productRefGroup = 77BF28DA255DBB7000B6C2F2 /* Products */;
			projectDirPath = "";
			projectRoot = "";
			targets = (
				77BF28D8255DBB7000B6C2F2 /* Alinea */,
			);
		};
/* End PBXProject section */

/* Begin PBXResourcesBuildPhase section */
		77BF28D7255DBB7000B6C2F2 /* Resources */ = {
			isa = PBXResourcesBuildPhase;
			buildActionMask = 2147483647;
			files = (
				77BF28E9255DBB7200B6C2F2 /* LaunchScreen.storyboard in Resources */,
				77BF28E6255DBB7200B6C2F2 /* Assets.xcassets in Resources */,
				77BF28E4255DBB7000B6C2F2 /* Main.storyboard in Resources */,
			);
			runOnlyForDeploymentPostprocessing = 0;
		};
/* End PBXResourcesBuildPhase section */

/* Begin PBXSourcesBuildPhase section */
		77BF28D5255DBB7000B6C2F2 /* Sources */ = {
			isa = PBXSourcesBuildPhase;
			buildActionMask = 2147483647;
			files = (
				77BF28E1255DBB7000B6C2F2 /* ViewController.swift in Sources */,
				77BF29672561767300B6C2F2 /* BottomCollectionViewCell.swift in Sources */,
				77BF292D256127DA00B6C2F2 /* BottomViewModel.swift in Sources */,
				77BF29192560029E00B6C2F2 /* UIView+Extension.swift in Sources */,
				77257F162563C64300C9A987 /* MRImages.swift in Sources */,
				77BF28DD255DBB7000B6C2F2 /* AppDelegate.swift in Sources */,
				77257F232563D60100C9A987 /* PagerViewModel.swift in Sources */,
				77EFE413256521FA0056C87C /* ThemesViewModel.swift in Sources */,
				77BF29292561277200B6C2F2 /* DynamicBinding.swift in Sources */,
				77BF2915256001C400B6C2F2 /* UiUtility.swift in Sources */,
				77257F132563C48000C9A987 /* TopView.swift in Sources */,
				77BF2912255FFADD00B6C2F2 /* MRColors.swift in Sources */,
				77EFE422256526F20056C87C /* ThemeCollectionViewDelegate.swift in Sources */,
				77EAE0AC256472FF0023B094 /* CategoryTableViewCell.swift in Sources */,
				77BF2960256173A300B6C2F2 /* CollectionVIewDataSource.swift in Sources */,
				77257F1F2563D42300C9A987 /* PagerModel.swift in Sources */,
				77EAE0A92564714C0023B094 /* CategoryModel.swift in Sources */,
				77F07232256655BC004E93FC /* TrendingViewModel.swift in Sources */,
				77EFE418256522AC0056C87C /* ThemeCollectionViewCell.swift in Sources */,
				77F0722F25663D9C004E93FC /* TrendingModel.swift in Sources */,
				77F072352566563D004E93FC /* TrendingTableViewCell.swift in Sources */,
				77BF28DF255DBB7000B6C2F2 /* SceneDelegate.swift in Sources */,
				77EAE0A5256470970023B094 /* CategoryView.swift in Sources */,
				77BF290F255FFA9100B6C2F2 /* MRUiMaker.swift in Sources */,
				77257F0F2563B9C600C9A987 /* BottomView.swift in Sources */,
				77257F272563D6D300C9A987 /* PagerCollectionViewDelegate.swift in Sources */,
				7719F10025695CDC0035E1DB /* ViewModelProtocol.swift in Sources */,
				77BF291D256111E600B6C2F2 /* UIColor+Extension.swift in Sources */,
				77257F022562A15900C9A987 /* BottomCollectionViewDelegate.swift in Sources */,
				77F072422566B539004E93FC /* TableViewSectionDataSource.swift in Sources */,
				77F072462566D147004E93FC /* TrendingTableViewDelegate.swift in Sources */,
				77EFE41F256526D90056C87C /* ThemeView.swift in Sources */,
				77257F192563CF9E00C9A987 /* PagerView.swift in Sources */,
				77EFE410256520B40056C87C /* ThemesModel.swift in Sources */,
				7719F0FA2568F6560035E1DB /* UIDevice+Extension.swift in Sources */,
				77BF2920256122A900B6C2F2 /* MRConstants.swift in Sources */,
				77257F1C2563D27700C9A987 /* PagerCollectionViewCell.swift in Sources */,
				77EAE0B1256476EB0023B094 /* CategoryViewModel.swift in Sources */,
				77EAE0B42564786B0023B094 /* TableViewDataSource.swift in Sources */,
				77F072392566741A004E93FC /* TrendingView.swift in Sources */,
				77BF29312561282500B6C2F2 /* BottomBarCollectionViewModel.swift in Sources */,
			);
			runOnlyForDeploymentPostprocessing = 0;
		};
/* End PBXSourcesBuildPhase section */

/* Begin PBXVariantGroup section */
		77BF28E2255DBB7000B6C2F2 /* Main.storyboard */ = {
			isa = PBXVariantGroup;
			children = (
				77BF28E3255DBB7000B6C2F2 /* Base */,
			);
			name = Main.storyboard;
			sourceTree = "<group>";
		};
		77BF28E7255DBB7200B6C2F2 /* LaunchScreen.storyboard */ = {
			isa = PBXVariantGroup;
			children = (
				77BF28E8255DBB7200B6C2F2 /* Base */,
			);
			name = LaunchScreen.storyboard;
			sourceTree = "<group>";
		};
/* End PBXVariantGroup section */

/* Begin XCBuildConfiguration section */
		77BF28EB255DBB7200B6C2F2 /* Debug */ = {
			isa = XCBuildConfiguration;
			buildSettings = {
				ALWAYS_SEARCH_USER_PATHS = NO;
				CLANG_ANALYZER_NONNULL = YES;
				CLANG_ANALYZER_NUMBER_OBJECT_CONVERSION = YES_AGGRESSIVE;
				CLANG_CXX_LANGUAGE_STANDARD = "gnu++14";
				CLANG_CXX_LIBRARY = "libc++";
				CLANG_ENABLE_MODULES = YES;
				CLANG_ENABLE_OBJC_ARC = YES;
				CLANG_ENABLE_OBJC_WEAK = YES;
				CLANG_WARN_BLOCK_CAPTURE_AUTORELEASING = YES;
				CLANG_WARN_BOOL_CONVERSION = YES;
				CLANG_WARN_COMMA = YES;
				CLANG_WARN_CONSTANT_CONVERSION = YES;
				CLANG_WARN_DEPRECATED_OBJC_IMPLEMENTATIONS = YES;
				CLANG_WARN_DIRECT_OBJC_ISA_USAGE = YES_ERROR;
				CLANG_WARN_DOCUMENTATION_COMMENTS = YES;
				CLANG_WARN_EMPTY_BODY = YES;
				CLANG_WARN_ENUM_CONVERSION = YES;
				CLANG_WARN_INFINITE_RECURSION = YES;
				CLANG_WARN_INT_CONVERSION = YES;
				CLANG_WARN_NON_LITERAL_NULL_CONVERSION = YES;
				CLANG_WARN_OBJC_IMPLICIT_RETAIN_SELF = YES;
				CLANG_WARN_OBJC_LITERAL_CONVERSION = YES;
				CLANG_WARN_OBJC_ROOT_CLASS = YES_ERROR;
				CLANG_WARN_QUOTED_INCLUDE_IN_FRAMEWORK_HEADER = YES;
				CLANG_WARN_RANGE_LOOP_ANALYSIS = YES;
				CLANG_WARN_STRICT_PROTOTYPES = YES;
				CLANG_WARN_SUSPICIOUS_MOVE = YES;
				CLANG_WARN_UNGUARDED_AVAILABILITY = YES_AGGRESSIVE;
				CLANG_WARN_UNREACHABLE_CODE = YES;
				CLANG_WARN__DUPLICATE_METHOD_MATCH = YES;
				COPY_PHASE_STRIP = NO;
				DEBUG_INFORMATION_FORMAT = dwarf;
				ENABLE_STRICT_OBJC_MSGSEND = YES;
				ENABLE_TESTABILITY = YES;
				GCC_C_LANGUAGE_STANDARD = gnu11;
				GCC_DYNAMIC_NO_PIC = NO;
				GCC_NO_COMMON_BLOCKS = YES;
				GCC_OPTIMIZATION_LEVEL = 0;
				GCC_PREPROCESSOR_DEFINITIONS = (
					"DEBUG=1",
					"$(inherited)",
				);
				GCC_WARN_64_TO_32_BIT_CONVERSION = YES;
				GCC_WARN_ABOUT_RETURN_TYPE = YES_ERROR;
				GCC_WARN_UNDECLARED_SELECTOR = YES;
				GCC_WARN_UNINITIALIZED_AUTOS = YES_AGGRESSIVE;
				GCC_WARN_UNUSED_FUNCTION = YES;
				GCC_WARN_UNUSED_VARIABLE = YES;
				IPHONEOS_DEPLOYMENT_TARGET = 13.0;
				MTL_ENABLE_DEBUG_INFO = INCLUDE_SOURCE;
				MTL_FAST_MATH = YES;
				ONLY_ACTIVE_ARCH = YES;
				SDKROOT = iphoneos;
				SWIFT_ACTIVE_COMPILATION_CONDITIONS = DEBUG;
				SWIFT_OPTIMIZATION_LEVEL = "-Onone";
			};
			name = Debug;
		};
		77BF28EC255DBB7200B6C2F2 /* Release */ = {
			isa = XCBuildConfiguration;
			buildSettings = {
				ALWAYS_SEARCH_USER_PATHS = NO;
				CLANG_ANALYZER_NONNULL = YES;
				CLANG_ANALYZER_NUMBER_OBJECT_CONVERSION = YES_AGGRESSIVE;
				CLANG_CXX_LANGUAGE_STANDARD = "gnu++14";
				CLANG_CXX_LIBRARY = "libc++";
				CLANG_ENABLE_MODULES = YES;
				CLANG_ENABLE_OBJC_ARC = YES;
				CLANG_ENABLE_OBJC_WEAK = YES;
				CLANG_WARN_BLOCK_CAPTURE_AUTORELEASING = YES;
				CLANG_WARN_BOOL_CONVERSION = YES;
				CLANG_WARN_COMMA = YES;
				CLANG_WARN_CONSTANT_CONVERSION = YES;
				CLANG_WARN_DEPRECATED_OBJC_IMPLEMENTATIONS = YES;
				CLANG_WARN_DIRECT_OBJC_ISA_USAGE = YES_ERROR;
				CLANG_WARN_DOCUMENTATION_COMMENTS = YES;
				CLANG_WARN_EMPTY_BODY = YES;
				CLANG_WARN_ENUM_CONVERSION = YES;
				CLANG_WARN_INFINITE_RECURSION = YES;
				CLANG_WARN_INT_CONVERSION = YES;
				CLANG_WARN_NON_LITERAL_NULL_CONVERSION = YES;
				CLANG_WARN_OBJC_IMPLICIT_RETAIN_SELF = YES;
				CLANG_WARN_OBJC_LITERAL_CONVERSION = YES;
				CLANG_WARN_OBJC_ROOT_CLASS = YES_ERROR;
				CLANG_WARN_QUOTED_INCLUDE_IN_FRAMEWORK_HEADER = YES;
				CLANG_WARN_RANGE_LOOP_ANALYSIS = YES;
				CLANG_WARN_STRICT_PROTOTYPES = YES;
				CLANG_WARN_SUSPICIOUS_MOVE = YES;
				CLANG_WARN_UNGUARDED_AVAILABILITY = YES_AGGRESSIVE;
				CLANG_WARN_UNREACHABLE_CODE = YES;
				CLANG_WARN__DUPLICATE_METHOD_MATCH = YES;
				COPY_PHASE_STRIP = NO;
				DEBUG_INFORMATION_FORMAT = "dwarf-with-dsym";
				ENABLE_NS_ASSERTIONS = NO;
				ENABLE_STRICT_OBJC_MSGSEND = YES;
				GCC_C_LANGUAGE_STANDARD = gnu11;
				GCC_NO_COMMON_BLOCKS = YES;
				GCC_WARN_64_TO_32_BIT_CONVERSION = YES;
				GCC_WARN_ABOUT_RETURN_TYPE = YES_ERROR;
				GCC_WARN_UNDECLARED_SELECTOR = YES;
				GCC_WARN_UNINITIALIZED_AUTOS = YES_AGGRESSIVE;
				GCC_WARN_UNUSED_FUNCTION = YES;
				GCC_WARN_UNUSED_VARIABLE = YES;
				IPHONEOS_DEPLOYMENT_TARGET = 13.0;
				MTL_ENABLE_DEBUG_INFO = NO;
				MTL_FAST_MATH = YES;
				SDKROOT = iphoneos;
				SWIFT_COMPILATION_MODE = wholemodule;
				SWIFT_OPTIMIZATION_LEVEL = "-O";
				VALIDATE_PRODUCT = YES;
			};
			name = Release;
		};
		77BF28EE255DBB7200B6C2F2 /* Debug */ = {
			isa = XCBuildConfiguration;
			buildSettings = {
				ASSETCATALOG_COMPILER_APPICON_NAME = AppIcon;
				ASSETCATALOG_COMPILER_GLOBAL_ACCENT_COLOR_NAME = AccentColor;
				CODE_SIGN_STYLE = Automatic;
				DEVELOPMENT_TEAM = AFBHHNX58G;
				INFOPLIST_FILE = Alinea/Info.plist;
				LD_RUNPATH_SEARCH_PATHS = (
					"$(inherited)",
					"@executable_path/Frameworks",
				);
				PRODUCT_BUNDLE_IDENTIFIER = com.mayur.Alinea;
				PRODUCT_NAME = "$(TARGET_NAME)";
				SWIFT_VERSION = 5.0;
				TARGETED_DEVICE_FAMILY = "1,2";
			};
			name = Debug;
		};
		77BF28EF255DBB7200B6C2F2 /* Release */ = {
			isa = XCBuildConfiguration;
			buildSettings = {
				ASSETCATALOG_COMPILER_APPICON_NAME = AppIcon;
				ASSETCATALOG_COMPILER_GLOBAL_ACCENT_COLOR_NAME = AccentColor;
				CODE_SIGN_STYLE = Automatic;
				DEVELOPMENT_TEAM = AFBHHNX58G;
				INFOPLIST_FILE = Alinea/Info.plist;
				LD_RUNPATH_SEARCH_PATHS = (
					"$(inherited)",
					"@executable_path/Frameworks",
				);
				PRODUCT_BUNDLE_IDENTIFIER = com.mayur.Alinea;
				PRODUCT_NAME = "$(TARGET_NAME)";
				SWIFT_VERSION = 5.0;
				TARGETED_DEVICE_FAMILY = "1,2";
			};
			name = Release;
		};
/* End XCBuildConfiguration section */

/* Begin XCConfigurationList section */
		77BF28D4255DBB7000B6C2F2 /* Build configuration list for PBXProject "Alinea" */ = {
			isa = XCConfigurationList;
			buildConfigurations = (
				77BF28EB255DBB7200B6C2F2 /* Debug */,
				77BF28EC255DBB7200B6C2F2 /* Release */,
			);
			defaultConfigurationIsVisible = 0;
			defaultConfigurationName = Release;
		};
		77BF28ED255DBB7200B6C2F2 /* Build configuration list for PBXNativeTarget "Alinea" */ = {
			isa = XCConfigurationList;
			buildConfigurations = (
				77BF28EE255DBB7200B6C2F2 /* Debug */,
				77BF28EF255DBB7200B6C2F2 /* Release */,
			);
			defaultConfigurationIsVisible = 0;
			defaultConfigurationName = Release;
		};
/* End XCConfigurationList section */
	};
	rootObject = 77BF28D1255DBB7000B6C2F2 /* Project object */;
}
